
Microsoft Visual Studio Solution File, Format Version 12.00
# Visual Studio 15
VisualStudioVersion = 15.0.27703.2026
MinimumVisualStudioVersion = 10.0.40219.1
Project("{FAE04EC0-301F-11D3-BF4B-00C04F79EFBC}") = "ParaphaserBootstrap", "ParaphaserBootstrap.csproj", "{4C76BE25-0A4B-407E-BA17-21ED5C2E5A94}"
EndProject
Global
	GlobalSection(SolutionConfigurationPlatforms) = preSolution
		Debug|Any CPU = Debug|Any CPU
		Release|Any CPU = Release|Any CPU
	EndGlobalSection
	GlobalSection(ProjectConfigurationPlatforms) = postSolution
		{4C76BE25-0A4B-407E-BA17-21ED5C2E5A94}.Debug|Any CPU.ActiveCfg = Debug|Any CPU
		{4C76BE25-0A4B-407E-BA17-21ED5C2E5A94}.Debug|Any CPU.Build.0 = Debug|Any CPU
		{4C76BE25-0A4B-407E-BA17-21ED5C2E5A94}.Release|Any CPU.ActiveCfg = Release|Any CPU
		{4C76BE25-0A4B-407E-BA17-21ED5C2E5A94}.Release|Any CPU.Build.0 = Release|Any CPU
	EndGlobalSection
	GlobalSection(SolutionProperties) = preSolution
		HideSolutionNode = FALSE
	EndGlobalSection
	GlobalSection(ExtensibilityGlobals) = postSolution
		SolutionGuid = {7093BC4D-49C2-4B6B-A664-1C80DF2C24DE}
	EndGlobalSection
EndGlobal
