
Microsoft Visual Studio Solution File, Format Version 12.00
# Visual Studio 15
VisualStudioVersion = 15.0.27703.2026
MinimumVisualStudioVersion = 10.0.40219.1
Project("{FAE04EC0-301F-11D3-BF4B-00C04F79EFBC}") = "ParaphaserBootstrap", "ParaphaserBootstrap.csproj", "{4C76BE25-0A4B-407E-BA17-21ED5C2E5A94}"
EndProject
Project("{2150E333-8FDC-42A3-9474-1A3956D46DE8}") = "ExternalDependencies", "ExternalDependencies", "{C1F12D76-D949-47F0-B391-03F668AF86DF}"
EndProject
Project("{FAE04EC0-301F-11D3-BF4B-00C04F79EFBC}") = "ParaphraserMath", "..\ParaphraserMath\ParaphraserMath.csproj", "{B30BC99A-57A9-4778-AD79-88D06B6BAC6E}"
EndProject
Project("{FAE04EC0-301F-11D3-BF4B-00C04F79EFBC}") = "LanguageDetection", "..\LanguageDetection\LanguageDetection.csproj", "{B4094762-6250-4AE3-B93A-57BC519B5B39}"
EndProject
Project("{FAE04EC0-301F-11D3-BF4B-00C04F79EFBC}") = "StringManipulation", "..\StringManipulation\StringManipulation.csproj", "{8033F5BF-DCD2-4193-B1A9-BA6E98D937CE}"
EndProject
Project("{FAE04EC0-301F-11D3-BF4B-00C04F79EFBC}") = "MarkovMatrixInterfaces", "..\MarkovMatrix\MarkovMatrixInterfaces\MarkovMatrixInterfaces.csproj", "{78F39194-74D8-4848-B2D6-FC26FCCFF4AE}"
EndProject
Project("{FAE04EC0-301F-11D3-BF4B-00C04F79EFBC}") = "LanguageDetectionInterfaces", "..\LanguageDetection\LanguageDetectionInterfaces\LanguageDetectionInterfaces.csproj", "{2A94E485-0FF0-49A6-8472-466D3E23A797}"
EndProject
Project("{FAE04EC0-301F-11D3-BF4B-00C04F79EFBC}") = "SpellCheckingInterfaces", "..\SpellChecking\SpellCheckingInterfaces\SpellCheckingInterfaces.csproj", "{2C71B30C-C3BC-4EFA-8144-E8FC8476A78F}"
EndProject
Project("{FAE04EC0-301F-11D3-BF4B-00C04F79EFBC}") = "MarkovMatrix", "..\MarkovMatrix\MarkovMatrix.csproj", "{7E1254FE-2E13-4D68-B337-8460DAB633CD}"
EndProject
Global
	GlobalSection(SolutionConfigurationPlatforms) = preSolution
		Debug|Any CPU = Debug|Any CPU
		Release|Any CPU = Release|Any CPU
	EndGlobalSection
	GlobalSection(ProjectConfigurationPlatforms) = postSolution
		{4C76BE25-0A4B-407E-BA17-21ED5C2E5A94}.Debug|Any CPU.ActiveCfg = Debug|Any CPU
		{4C76BE25-0A4B-407E-BA17-21ED5C2E5A94}.Debug|Any CPU.Build.0 = Debug|Any CPU
		{4C76BE25-0A4B-407E-BA17-21ED5C2E5A94}.Release|Any CPU.ActiveCfg = Release|Any CPU
		{4C76BE25-0A4B-407E-BA17-21ED5C2E5A94}.Release|Any CPU.Build.0 = Release|Any CPU
		{B30BC99A-57A9-4778-AD79-88D06B6BAC6E}.Debug|Any CPU.ActiveCfg = Debug|Any CPU
		{B30BC99A-57A9-4778-AD79-88D06B6BAC6E}.Debug|Any CPU.Build.0 = Debug|Any CPU
		{B30BC99A-57A9-4778-AD79-88D06B6BAC6E}.Release|Any CPU.ActiveCfg = Release|Any CPU
		{B30BC99A-57A9-4778-AD79-88D06B6BAC6E}.Release|Any CPU.Build.0 = Release|Any CPU
		{B4094762-6250-4AE3-B93A-57BC519B5B39}.Debug|Any CPU.ActiveCfg = Debug|Any CPU
		{B4094762-6250-4AE3-B93A-57BC519B5B39}.Debug|Any CPU.Build.0 = Debug|Any CPU
		{B4094762-6250-4AE3-B93A-57BC519B5B39}.Release|Any CPU.ActiveCfg = Release|Any CPU
		{B4094762-6250-4AE3-B93A-57BC519B5B39}.Release|Any CPU.Build.0 = Release|Any CPU
		{8033F5BF-DCD2-4193-B1A9-BA6E98D937CE}.Debug|Any CPU.ActiveCfg = Debug|Any CPU
		{8033F5BF-DCD2-4193-B1A9-BA6E98D937CE}.Debug|Any CPU.Build.0 = Debug|Any CPU
		{8033F5BF-DCD2-4193-B1A9-BA6E98D937CE}.Release|Any CPU.ActiveCfg = Release|Any CPU
		{8033F5BF-DCD2-4193-B1A9-BA6E98D937CE}.Release|Any CPU.Build.0 = Release|Any CPU
		{78F39194-74D8-4848-B2D6-FC26FCCFF4AE}.Debug|Any CPU.ActiveCfg = Debug|Any CPU
		{78F39194-74D8-4848-B2D6-FC26FCCFF4AE}.Debug|Any CPU.Build.0 = Debug|Any CPU
		{78F39194-74D8-4848-B2D6-FC26FCCFF4AE}.Release|Any CPU.ActiveCfg = Release|Any CPU
		{78F39194-74D8-4848-B2D6-FC26FCCFF4AE}.Release|Any CPU.Build.0 = Release|Any CPU
		{2A94E485-0FF0-49A6-8472-466D3E23A797}.Debug|Any CPU.ActiveCfg = Debug|Any CPU
		{2A94E485-0FF0-49A6-8472-466D3E23A797}.Debug|Any CPU.Build.0 = Debug|Any CPU
		{2A94E485-0FF0-49A6-8472-466D3E23A797}.Release|Any CPU.ActiveCfg = Release|Any CPU
		{2A94E485-0FF0-49A6-8472-466D3E23A797}.Release|Any CPU.Build.0 = Release|Any CPU
		{2C71B30C-C3BC-4EFA-8144-E8FC8476A78F}.Debug|Any CPU.ActiveCfg = Debug|Any CPU
		{2C71B30C-C3BC-4EFA-8144-E8FC8476A78F}.Debug|Any CPU.Build.0 = Debug|Any CPU
		{2C71B30C-C3BC-4EFA-8144-E8FC8476A78F}.Release|Any CPU.ActiveCfg = Release|Any CPU
		{2C71B30C-C3BC-4EFA-8144-E8FC8476A78F}.Release|Any CPU.Build.0 = Release|Any CPU
		{7E1254FE-2E13-4D68-B337-8460DAB633CD}.Debug|Any CPU.ActiveCfg = Debug|Any CPU
		{7E1254FE-2E13-4D68-B337-8460DAB633CD}.Debug|Any CPU.Build.0 = Debug|Any CPU
		{7E1254FE-2E13-4D68-B337-8460DAB633CD}.Release|Any CPU.ActiveCfg = Release|Any CPU
		{7E1254FE-2E13-4D68-B337-8460DAB633CD}.Release|Any CPU.Build.0 = Release|Any CPU
	EndGlobalSection
	GlobalSection(SolutionProperties) = preSolution
		HideSolutionNode = FALSE
	EndGlobalSection
	GlobalSection(NestedProjects) = preSolution
		{B30BC99A-57A9-4778-AD79-88D06B6BAC6E} = {C1F12D76-D949-47F0-B391-03F668AF86DF}
		{B4094762-6250-4AE3-B93A-57BC519B5B39} = {C1F12D76-D949-47F0-B391-03F668AF86DF}
		{8033F5BF-DCD2-4193-B1A9-BA6E98D937CE} = {C1F12D76-D949-47F0-B391-03F668AF86DF}
		{78F39194-74D8-4848-B2D6-FC26FCCFF4AE} = {C1F12D76-D949-47F0-B391-03F668AF86DF}
		{2A94E485-0FF0-49A6-8472-466D3E23A797} = {C1F12D76-D949-47F0-B391-03F668AF86DF}
		{2C71B30C-C3BC-4EFA-8144-E8FC8476A78F} = {C1F12D76-D949-47F0-B391-03F668AF86DF}
		{7E1254FE-2E13-4D68-B337-8460DAB633CD} = {C1F12D76-D949-47F0-B391-03F668AF86DF}
	EndGlobalSection
	GlobalSection(ExtensibilityGlobals) = postSolution
		SolutionGuid = {7093BC4D-49C2-4B6B-A664-1C80DF2C24DE}
	EndGlobalSection
EndGlobal
