
Microsoft Visual Studio Solution File, Format Version 12.00
# Visual Studio 15
VisualStudioVersion = 15.0.27130.2027
MinimumVisualStudioVersion = 10.0.40219.1
Project("{FAE04EC0-301F-11D3-BF4B-00C04F79EFBC}") = "ChatConsoleApp", "ChatConsoleApp.csproj", "{B2F6FE59-C5ED-48B8-9B34-90F165BA008C}"
EndProject
Project("{2150E333-8FDC-42A3-9474-1A3956D46DE8}") = "ExternalDependencies", "ExternalDependencies", "{D80482CF-05E4-4298-B68E-BB950104190E}"
EndProject
Project("{FAE04EC0-301F-11D3-BF4B-00C04F79EFBC}") = "ParaphaserBootstrap", "..\ParaphaserBootstrap\ParaphaserBootstrap.csproj", "{4C76BE25-0A4B-407E-BA17-21ED5C2E5A94}"
EndProject
Project("{FAE04EC0-301F-11D3-BF4B-00C04F79EFBC}") = "LanguageDetection", "..\LanguageDetection\LanguageDetection.csproj", "{B4094762-6250-4AE3-B93A-57BC519B5B39}"
EndProject
Project("{FAE04EC0-301F-11D3-BF4B-00C04F79EFBC}") = "StringManipulation", "..\StringManipulation\StringManipulation.csproj", "{8033F5BF-DCD2-4193-B1A9-BA6E98D937CE}"
EndProject
Project("{FAE04EC0-301F-11D3-BF4B-00C04F79EFBC}") = "SpellChecking", "..\SpellChecking\SpellChecking.csproj", "{5E1A7FAB-461B-4DF6-975F-B000F12066AC}"
EndProject
Project("{FAE04EC0-301F-11D3-BF4B-00C04F79EFBC}") = "SpellCheckingInterfaces", "..\SpellChecking\SpellCheckingInterfaces\SpellCheckingInterfaces.csproj", "{2C71B30C-C3BC-4EFA-8144-E8FC8476A78F}"
EndProject
Project("{FAE04EC0-301F-11D3-BF4B-00C04F79EFBC}") = "ParaphraserMath", "..\ParaphraserMath\ParaphraserMath.csproj", "{B30BC99A-57A9-4778-AD79-88D06B6BAC6E}"
EndProject
Project("{FAE04EC0-301F-11D3-BF4B-00C04F79EFBC}") = "MarkovMatrixInterfaces", "..\MarkovMatrix\MarkovMatrixInterfaces\MarkovMatrixInterfaces.csproj", "{78F39194-74D8-4848-B2D6-FC26FCCFF4AE}"
EndProject
Project("{FAE04EC0-301F-11D3-BF4B-00C04F79EFBC}") = "MarkovMatrix", "..\MarkovMatrix\MarkovMatrix.csproj", "{7E1254FE-2E13-4D68-B337-8460DAB633CD}"
EndProject
Project("{FAE04EC0-301F-11D3-BF4B-00C04F79EFBC}") = "LanguageDetectionInterfaces", "..\LanguageDetection\LanguageDetectionInterfaces\LanguageDetectionInterfaces.csproj", "{2A94E485-0FF0-49A6-8472-466D3E23A797}"
EndProject
Project("{FAE04EC0-301F-11D3-BF4B-00C04F79EFBC}") = "ParaphrasingInterfaces", "..\Paraphrasing\ParaphrasingInterfaces\ParaphrasingInterfaces.csproj", "{62290BC4-C27B-4927-9553-E09D9D7A6439}"
EndProject
Project("{FAE04EC0-301F-11D3-BF4B-00C04F79EFBC}") = "Paraphrasing", "..\Paraphrasing\Paraphrasing.csproj", "{65819D05-9B53-4F9F-893B-FFB62495CF1B}"
EndProject
Project("{2150E333-8FDC-42A3-9474-1A3956D46DE8}") = "Tests", "Tests", "{43D73942-2A0D-4171-830B-748F43258243}"
EndProject
Project("{FAE04EC0-301F-11D3-BF4B-00C04F79EFBC}") = "LanguageDetectionTests", "..\LanguageDetection\LanguageDetectionTests\LanguageDetectionTests.csproj", "{B7D3E109-64A2-4EFA-8AA2-7838250484CA}"
EndProject
Project("{FAE04EC0-301F-11D3-BF4B-00C04F79EFBC}") = "MarkovMatrixTests", "..\MarkovMatrix\MarkovMatrixTests\MarkovMatrixTests.csproj", "{61DB0147-848C-4152-9004-26D9F54AC694}"
EndProject
Project("{FAE04EC0-301F-11D3-BF4B-00C04F79EFBC}") = "ParaphrasingTests", "..\Paraphrasing\ParaphrasingTests\ParaphrasingTests.csproj", "{E9FC4591-1A35-408C-9082-5DF91F0EAE7B}"
EndProject
Project("{2150E333-8FDC-42A3-9474-1A3956D46DE8}") = "TestHelpers", "TestHelpers", "{333C548E-4D1E-46C3-B2A2-311EAB27088D}"
EndProject
Project("{FAE04EC0-301F-11D3-BF4B-00C04F79EFBC}") = "ParaphrasingTestHelpers", "..\Paraphrasing\ParaphrasingTestHelpers\ParaphrasingTestHelpers.csproj", "{4FF286B4-13FD-42FF-8D17-F79105762729}"
EndProject
Project("{FAE04EC0-301F-11D3-BF4B-00C04F79EFBC}") = "MarkovMatrixTestHelper", "..\MarkovMatrix\MarkovMatrixTestHelper\MarkovMatrixTestHelper.csproj", "{957DD80E-1E39-4E8A-BFEF-C83AD40F5844}"
EndProject
Project("{FAE04EC0-301F-11D3-BF4B-00C04F79EFBC}") = "LanguageDetectionTestHelpers", "..\LanguageDetection\LanguageDetectionTestHelpers\LanguageDetectionTestHelpers.csproj", "{433D33AF-2A73-44D4-8D90-E27FD2BBBF2C}"
EndProject
Global
	GlobalSection(SolutionConfigurationPlatforms) = preSolution
		Debug|Any CPU = Debug|Any CPU
		Release|Any CPU = Release|Any CPU
	EndGlobalSection
	GlobalSection(ProjectConfigurationPlatforms) = postSolution
		{B2F6FE59-C5ED-48B8-9B34-90F165BA008C}.Debug|Any CPU.ActiveCfg = Debug|Any CPU
		{B2F6FE59-C5ED-48B8-9B34-90F165BA008C}.Debug|Any CPU.Build.0 = Debug|Any CPU
		{B2F6FE59-C5ED-48B8-9B34-90F165BA008C}.Release|Any CPU.ActiveCfg = Release|Any CPU
		{B2F6FE59-C5ED-48B8-9B34-90F165BA008C}.Release|Any CPU.Build.0 = Release|Any CPU
		{4C76BE25-0A4B-407E-BA17-21ED5C2E5A94}.Debug|Any CPU.ActiveCfg = Debug|Any CPU
		{4C76BE25-0A4B-407E-BA17-21ED5C2E5A94}.Debug|Any CPU.Build.0 = Debug|Any CPU
		{4C76BE25-0A4B-407E-BA17-21ED5C2E5A94}.Release|Any CPU.ActiveCfg = Release|Any CPU
		{4C76BE25-0A4B-407E-BA17-21ED5C2E5A94}.Release|Any CPU.Build.0 = Release|Any CPU
		{B4094762-6250-4AE3-B93A-57BC519B5B39}.Debug|Any CPU.ActiveCfg = Debug|Any CPU
		{B4094762-6250-4AE3-B93A-57BC519B5B39}.Debug|Any CPU.Build.0 = Debug|Any CPU
		{B4094762-6250-4AE3-B93A-57BC519B5B39}.Release|Any CPU.ActiveCfg = Release|Any CPU
		{B4094762-6250-4AE3-B93A-57BC519B5B39}.Release|Any CPU.Build.0 = Release|Any CPU
		{8033F5BF-DCD2-4193-B1A9-BA6E98D937CE}.Debug|Any CPU.ActiveCfg = Debug|Any CPU
		{8033F5BF-DCD2-4193-B1A9-BA6E98D937CE}.Debug|Any CPU.Build.0 = Debug|Any CPU
		{8033F5BF-DCD2-4193-B1A9-BA6E98D937CE}.Release|Any CPU.ActiveCfg = Release|Any CPU
		{8033F5BF-DCD2-4193-B1A9-BA6E98D937CE}.Release|Any CPU.Build.0 = Release|Any CPU
		{5E1A7FAB-461B-4DF6-975F-B000F12066AC}.Debug|Any CPU.ActiveCfg = Debug|Any CPU
		{5E1A7FAB-461B-4DF6-975F-B000F12066AC}.Debug|Any CPU.Build.0 = Debug|Any CPU
		{5E1A7FAB-461B-4DF6-975F-B000F12066AC}.Release|Any CPU.ActiveCfg = Release|Any CPU
		{5E1A7FAB-461B-4DF6-975F-B000F12066AC}.Release|Any CPU.Build.0 = Release|Any CPU
		{2C71B30C-C3BC-4EFA-8144-E8FC8476A78F}.Debug|Any CPU.ActiveCfg = Debug|Any CPU
		{2C71B30C-C3BC-4EFA-8144-E8FC8476A78F}.Debug|Any CPU.Build.0 = Debug|Any CPU
		{2C71B30C-C3BC-4EFA-8144-E8FC8476A78F}.Release|Any CPU.ActiveCfg = Release|Any CPU
		{2C71B30C-C3BC-4EFA-8144-E8FC8476A78F}.Release|Any CPU.Build.0 = Release|Any CPU
		{B30BC99A-57A9-4778-AD79-88D06B6BAC6E}.Debug|Any CPU.ActiveCfg = Debug|Any CPU
		{B30BC99A-57A9-4778-AD79-88D06B6BAC6E}.Debug|Any CPU.Build.0 = Debug|Any CPU
		{B30BC99A-57A9-4778-AD79-88D06B6BAC6E}.Release|Any CPU.ActiveCfg = Release|Any CPU
		{B30BC99A-57A9-4778-AD79-88D06B6BAC6E}.Release|Any CPU.Build.0 = Release|Any CPU
		{78F39194-74D8-4848-B2D6-FC26FCCFF4AE}.Debug|Any CPU.ActiveCfg = Debug|Any CPU
		{78F39194-74D8-4848-B2D6-FC26FCCFF4AE}.Debug|Any CPU.Build.0 = Debug|Any CPU
		{78F39194-74D8-4848-B2D6-FC26FCCFF4AE}.Release|Any CPU.ActiveCfg = Release|Any CPU
		{78F39194-74D8-4848-B2D6-FC26FCCFF4AE}.Release|Any CPU.Build.0 = Release|Any CPU
		{7E1254FE-2E13-4D68-B337-8460DAB633CD}.Debug|Any CPU.ActiveCfg = Debug|Any CPU
		{7E1254FE-2E13-4D68-B337-8460DAB633CD}.Debug|Any CPU.Build.0 = Debug|Any CPU
		{7E1254FE-2E13-4D68-B337-8460DAB633CD}.Release|Any CPU.ActiveCfg = Release|Any CPU
		{7E1254FE-2E13-4D68-B337-8460DAB633CD}.Release|Any CPU.Build.0 = Release|Any CPU
		{2A94E485-0FF0-49A6-8472-466D3E23A797}.Debug|Any CPU.ActiveCfg = Debug|Any CPU
		{2A94E485-0FF0-49A6-8472-466D3E23A797}.Debug|Any CPU.Build.0 = Debug|Any CPU
		{2A94E485-0FF0-49A6-8472-466D3E23A797}.Release|Any CPU.ActiveCfg = Release|Any CPU
		{2A94E485-0FF0-49A6-8472-466D3E23A797}.Release|Any CPU.Build.0 = Release|Any CPU
		{62290BC4-C27B-4927-9553-E09D9D7A6439}.Debug|Any CPU.ActiveCfg = Debug|Any CPU
		{62290BC4-C27B-4927-9553-E09D9D7A6439}.Debug|Any CPU.Build.0 = Debug|Any CPU
		{62290BC4-C27B-4927-9553-E09D9D7A6439}.Release|Any CPU.ActiveCfg = Release|Any CPU
		{62290BC4-C27B-4927-9553-E09D9D7A6439}.Release|Any CPU.Build.0 = Release|Any CPU
		{65819D05-9B53-4F9F-893B-FFB62495CF1B}.Debug|Any CPU.ActiveCfg = Debug|Any CPU
		{65819D05-9B53-4F9F-893B-FFB62495CF1B}.Debug|Any CPU.Build.0 = Debug|Any CPU
		{65819D05-9B53-4F9F-893B-FFB62495CF1B}.Release|Any CPU.ActiveCfg = Release|Any CPU
		{65819D05-9B53-4F9F-893B-FFB62495CF1B}.Release|Any CPU.Build.0 = Release|Any CPU
		{B7D3E109-64A2-4EFA-8AA2-7838250484CA}.Debug|Any CPU.ActiveCfg = Debug|Any CPU
		{B7D3E109-64A2-4EFA-8AA2-7838250484CA}.Debug|Any CPU.Build.0 = Debug|Any CPU
		{B7D3E109-64A2-4EFA-8AA2-7838250484CA}.Release|Any CPU.ActiveCfg = Release|Any CPU
		{B7D3E109-64A2-4EFA-8AA2-7838250484CA}.Release|Any CPU.Build.0 = Release|Any CPU
		{61DB0147-848C-4152-9004-26D9F54AC694}.Debug|Any CPU.ActiveCfg = Debug|Any CPU
		{61DB0147-848C-4152-9004-26D9F54AC694}.Debug|Any CPU.Build.0 = Debug|Any CPU
		{61DB0147-848C-4152-9004-26D9F54AC694}.Release|Any CPU.ActiveCfg = Release|Any CPU
		{61DB0147-848C-4152-9004-26D9F54AC694}.Release|Any CPU.Build.0 = Release|Any CPU
		{E9FC4591-1A35-408C-9082-5DF91F0EAE7B}.Debug|Any CPU.ActiveCfg = Debug|Any CPU
		{E9FC4591-1A35-408C-9082-5DF91F0EAE7B}.Debug|Any CPU.Build.0 = Debug|Any CPU
		{E9FC4591-1A35-408C-9082-5DF91F0EAE7B}.Release|Any CPU.ActiveCfg = Release|Any CPU
		{E9FC4591-1A35-408C-9082-5DF91F0EAE7B}.Release|Any CPU.Build.0 = Release|Any CPU
		{4FF286B4-13FD-42FF-8D17-F79105762729}.Debug|Any CPU.ActiveCfg = Debug|Any CPU
		{4FF286B4-13FD-42FF-8D17-F79105762729}.Debug|Any CPU.Build.0 = Debug|Any CPU
		{4FF286B4-13FD-42FF-8D17-F79105762729}.Release|Any CPU.ActiveCfg = Release|Any CPU
		{4FF286B4-13FD-42FF-8D17-F79105762729}.Release|Any CPU.Build.0 = Release|Any CPU
		{957DD80E-1E39-4E8A-BFEF-C83AD40F5844}.Debug|Any CPU.ActiveCfg = Debug|Any CPU
		{957DD80E-1E39-4E8A-BFEF-C83AD40F5844}.Debug|Any CPU.Build.0 = Debug|Any CPU
		{957DD80E-1E39-4E8A-BFEF-C83AD40F5844}.Release|Any CPU.ActiveCfg = Release|Any CPU
		{957DD80E-1E39-4E8A-BFEF-C83AD40F5844}.Release|Any CPU.Build.0 = Release|Any CPU
		{433D33AF-2A73-44D4-8D90-E27FD2BBBF2C}.Debug|Any CPU.ActiveCfg = Debug|Any CPU
		{433D33AF-2A73-44D4-8D90-E27FD2BBBF2C}.Debug|Any CPU.Build.0 = Debug|Any CPU
		{433D33AF-2A73-44D4-8D90-E27FD2BBBF2C}.Release|Any CPU.ActiveCfg = Release|Any CPU
		{433D33AF-2A73-44D4-8D90-E27FD2BBBF2C}.Release|Any CPU.Build.0 = Release|Any CPU
	EndGlobalSection
	GlobalSection(SolutionProperties) = preSolution
		HideSolutionNode = FALSE
	EndGlobalSection
	GlobalSection(NestedProjects) = preSolution
		{4C76BE25-0A4B-407E-BA17-21ED5C2E5A94} = {D80482CF-05E4-4298-B68E-BB950104190E}
		{B4094762-6250-4AE3-B93A-57BC519B5B39} = {D80482CF-05E4-4298-B68E-BB950104190E}
		{8033F5BF-DCD2-4193-B1A9-BA6E98D937CE} = {D80482CF-05E4-4298-B68E-BB950104190E}
		{5E1A7FAB-461B-4DF6-975F-B000F12066AC} = {D80482CF-05E4-4298-B68E-BB950104190E}
		{2C71B30C-C3BC-4EFA-8144-E8FC8476A78F} = {D80482CF-05E4-4298-B68E-BB950104190E}
		{B30BC99A-57A9-4778-AD79-88D06B6BAC6E} = {D80482CF-05E4-4298-B68E-BB950104190E}
		{78F39194-74D8-4848-B2D6-FC26FCCFF4AE} = {D80482CF-05E4-4298-B68E-BB950104190E}
		{7E1254FE-2E13-4D68-B337-8460DAB633CD} = {D80482CF-05E4-4298-B68E-BB950104190E}
		{2A94E485-0FF0-49A6-8472-466D3E23A797} = {D80482CF-05E4-4298-B68E-BB950104190E}
		{62290BC4-C27B-4927-9553-E09D9D7A6439} = {D80482CF-05E4-4298-B68E-BB950104190E}
		{65819D05-9B53-4F9F-893B-FFB62495CF1B} = {D80482CF-05E4-4298-B68E-BB950104190E}
		{B7D3E109-64A2-4EFA-8AA2-7838250484CA} = {43D73942-2A0D-4171-830B-748F43258243}
		{61DB0147-848C-4152-9004-26D9F54AC694} = {43D73942-2A0D-4171-830B-748F43258243}
		{E9FC4591-1A35-408C-9082-5DF91F0EAE7B} = {43D73942-2A0D-4171-830B-748F43258243}
		{4FF286B4-13FD-42FF-8D17-F79105762729} = {333C548E-4D1E-46C3-B2A2-311EAB27088D}
		{957DD80E-1E39-4E8A-BFEF-C83AD40F5844} = {333C548E-4D1E-46C3-B2A2-311EAB27088D}
		{433D33AF-2A73-44D4-8D90-E27FD2BBBF2C} = {43D73942-2A0D-4171-830B-748F43258243}
	EndGlobalSection
	GlobalSection(ExtensibilityGlobals) = postSolution
		SolutionGuid = {33CCCA9A-C416-4DE3-A587-3977C54FE5BC}
	EndGlobalSection
EndGlobal
