
Microsoft Visual Studio Solution File, Format Version 12.00
# Visual Studio 15
VisualStudioVersion = 15.0.27703.2026
MinimumVisualStudioVersion = 10.0.40219.1
Project("{FAE04EC0-301F-11D3-BF4B-00C04F79EFBC}") = "SpellChecking", "SpellChecking.csproj", "{5E1A7FAB-461B-4DF6-975F-B000F12066AC}"
EndProject
Project("{FAE04EC0-301F-11D3-BF4B-00C04F79EFBC}") = "SpellCheckingTests", "SpellCheckingTests\SpellCheckingTests.csproj", "{EB4F4266-6043-4D79-A8C0-585C9C41D1E4}"
EndProject
Project("{FAE04EC0-301F-11D3-BF4B-00C04F79EFBC}") = "SpellCheckingInterfaces", "SpellCheckingInterfaces\SpellCheckingInterfaces.csproj", "{2C71B30C-C3BC-4EFA-8144-E8FC8476A78F}"
EndProject
Project("{2150E333-8FDC-42A3-9474-1A3956D46DE8}") = "ExternalDependencies", "ExternalDependencies", "{671FB99E-5FA5-4C74-B97E-6F8F78E66EC2}"
EndProject
Project("{FAE04EC0-301F-11D3-BF4B-00C04F79EFBC}") = "StringManipulation", "..\StringManipulation\StringManipulation.csproj", "{8033F5BF-DCD2-4193-B1A9-BA6E98D937CE}"
EndProject
Global
	GlobalSection(SolutionConfigurationPlatforms) = preSolution
		Debug|Any CPU = Debug|Any CPU
		Release|Any CPU = Release|Any CPU
	EndGlobalSection
	GlobalSection(ProjectConfigurationPlatforms) = postSolution
		{5E1A7FAB-461B-4DF6-975F-B000F12066AC}.Debug|Any CPU.ActiveCfg = Debug|Any CPU
		{5E1A7FAB-461B-4DF6-975F-B000F12066AC}.Debug|Any CPU.Build.0 = Debug|Any CPU
		{5E1A7FAB-461B-4DF6-975F-B000F12066AC}.Release|Any CPU.ActiveCfg = Release|Any CPU
		{5E1A7FAB-461B-4DF6-975F-B000F12066AC}.Release|Any CPU.Build.0 = Release|Any CPU
		{EB4F4266-6043-4D79-A8C0-585C9C41D1E4}.Debug|Any CPU.ActiveCfg = Debug|Any CPU
		{EB4F4266-6043-4D79-A8C0-585C9C41D1E4}.Debug|Any CPU.Build.0 = Debug|Any CPU
		{EB4F4266-6043-4D79-A8C0-585C9C41D1E4}.Release|Any CPU.ActiveCfg = Release|Any CPU
		{EB4F4266-6043-4D79-A8C0-585C9C41D1E4}.Release|Any CPU.Build.0 = Release|Any CPU
		{2C71B30C-C3BC-4EFA-8144-E8FC8476A78F}.Debug|Any CPU.ActiveCfg = Debug|Any CPU
		{2C71B30C-C3BC-4EFA-8144-E8FC8476A78F}.Debug|Any CPU.Build.0 = Debug|Any CPU
		{2C71B30C-C3BC-4EFA-8144-E8FC8476A78F}.Release|Any CPU.ActiveCfg = Release|Any CPU
		{2C71B30C-C3BC-4EFA-8144-E8FC8476A78F}.Release|Any CPU.Build.0 = Release|Any CPU
		{8033F5BF-DCD2-4193-B1A9-BA6E98D937CE}.Debug|Any CPU.ActiveCfg = Debug|Any CPU
		{8033F5BF-DCD2-4193-B1A9-BA6E98D937CE}.Debug|Any CPU.Build.0 = Debug|Any CPU
		{8033F5BF-DCD2-4193-B1A9-BA6E98D937CE}.Release|Any CPU.ActiveCfg = Release|Any CPU
		{8033F5BF-DCD2-4193-B1A9-BA6E98D937CE}.Release|Any CPU.Build.0 = Release|Any CPU
	EndGlobalSection
	GlobalSection(SolutionProperties) = preSolution
		HideSolutionNode = FALSE
	EndGlobalSection
	GlobalSection(NestedProjects) = preSolution
		{8033F5BF-DCD2-4193-B1A9-BA6E98D937CE} = {671FB99E-5FA5-4C74-B97E-6F8F78E66EC2}
	EndGlobalSection
	GlobalSection(ExtensibilityGlobals) = postSolution
		SolutionGuid = {1FF425C7-0892-40EC-93B1-3C1508187774}
	EndGlobalSection
EndGlobal
