
Microsoft Visual Studio Solution File, Format Version 12.00
# Visual Studio 15
VisualStudioVersion = 15.0.27130.2027
MinimumVisualStudioVersion = 10.0.40219.1
Project("{FAE04EC0-301F-11D3-BF4B-00C04F79EFBC}") = "MarkovMatrix", "MarkovMatrix.csproj", "{7E1254FE-2E13-4D68-B337-8460DAB633CD}"
EndProject
Project("{FAE04EC0-301F-11D3-BF4B-00C04F79EFBC}") = "MarkovMatrixTests", "MarkovMatrixTests\MarkovMatrixTests.csproj", "{61DB0147-848C-4152-9004-26D9F54AC694}"
EndProject
Project("{FAE04EC0-301F-11D3-BF4B-00C04F79EFBC}") = "MarkovMatrixInterfaces", "MarkovMatrixInterfaces\MarkovMatrixInterfaces.csproj", "{78F39194-74D8-4848-B2D6-FC26FCCFF4AE}"
EndProject
Project("{FAE04EC0-301F-11D3-BF4B-00C04F79EFBC}") = "MarkovMatrixTestHelper", "MarkovMatrixTestHelper\MarkovMatrixTestHelper.csproj", "{957DD80E-1E39-4E8A-BFEF-C83AD40F5844}"
EndProject
Project("{FAE04EC0-301F-11D3-BF4B-00C04F79EFBC}") = "ParaphraserMath", "..\ParaphraserMath\ParaphraserMath.csproj", "{B30BC99A-57A9-4778-AD79-88D06B6BAC6E}"
EndProject
Project("{2150E333-8FDC-42A3-9474-1A3956D46DE8}") = "ExternalDependencies", "ExternalDependencies", "{6677C1D3-D984-4148-A94A-EE43E7926020}"
EndProject
Project("{2150E333-8FDC-42A3-9474-1A3956D46DE8}") = "Tests", "Tests", "{4EF3B77F-0D45-4FC9-B878-4EFDDC0AEB18}"
EndProject
Global
	GlobalSection(SolutionConfigurationPlatforms) = preSolution
		Debug|Any CPU = Debug|Any CPU
		Release|Any CPU = Release|Any CPU
	EndGlobalSection
	GlobalSection(ProjectConfigurationPlatforms) = postSolution
		{7E1254FE-2E13-4D68-B337-8460DAB633CD}.Debug|Any CPU.ActiveCfg = Debug|Any CPU
		{7E1254FE-2E13-4D68-B337-8460DAB633CD}.Debug|Any CPU.Build.0 = Debug|Any CPU
		{7E1254FE-2E13-4D68-B337-8460DAB633CD}.Release|Any CPU.ActiveCfg = Release|Any CPU
		{7E1254FE-2E13-4D68-B337-8460DAB633CD}.Release|Any CPU.Build.0 = Release|Any CPU
		{61DB0147-848C-4152-9004-26D9F54AC694}.Debug|Any CPU.ActiveCfg = Debug|Any CPU
		{61DB0147-848C-4152-9004-26D9F54AC694}.Debug|Any CPU.Build.0 = Debug|Any CPU
		{61DB0147-848C-4152-9004-26D9F54AC694}.Release|Any CPU.ActiveCfg = Release|Any CPU
		{61DB0147-848C-4152-9004-26D9F54AC694}.Release|Any CPU.Build.0 = Release|Any CPU
		{78F39194-74D8-4848-B2D6-FC26FCCFF4AE}.Debug|Any CPU.ActiveCfg = Debug|Any CPU
		{78F39194-74D8-4848-B2D6-FC26FCCFF4AE}.Debug|Any CPU.Build.0 = Debug|Any CPU
		{78F39194-74D8-4848-B2D6-FC26FCCFF4AE}.Release|Any CPU.ActiveCfg = Release|Any CPU
		{78F39194-74D8-4848-B2D6-FC26FCCFF4AE}.Release|Any CPU.Build.0 = Release|Any CPU
		{957DD80E-1E39-4E8A-BFEF-C83AD40F5844}.Debug|Any CPU.ActiveCfg = Debug|Any CPU
		{957DD80E-1E39-4E8A-BFEF-C83AD40F5844}.Debug|Any CPU.Build.0 = Debug|Any CPU
		{957DD80E-1E39-4E8A-BFEF-C83AD40F5844}.Release|Any CPU.ActiveCfg = Release|Any CPU
		{957DD80E-1E39-4E8A-BFEF-C83AD40F5844}.Release|Any CPU.Build.0 = Release|Any CPU
		{B30BC99A-57A9-4778-AD79-88D06B6BAC6E}.Debug|Any CPU.ActiveCfg = Debug|Any CPU
		{B30BC99A-57A9-4778-AD79-88D06B6BAC6E}.Debug|Any CPU.Build.0 = Debug|Any CPU
		{B30BC99A-57A9-4778-AD79-88D06B6BAC6E}.Release|Any CPU.ActiveCfg = Release|Any CPU
		{B30BC99A-57A9-4778-AD79-88D06B6BAC6E}.Release|Any CPU.Build.0 = Release|Any CPU
	EndGlobalSection
	GlobalSection(SolutionProperties) = preSolution
		HideSolutionNode = FALSE
	EndGlobalSection
	GlobalSection(NestedProjects) = preSolution
		{61DB0147-848C-4152-9004-26D9F54AC694} = {4EF3B77F-0D45-4FC9-B878-4EFDDC0AEB18}
		{957DD80E-1E39-4E8A-BFEF-C83AD40F5844} = {4EF3B77F-0D45-4FC9-B878-4EFDDC0AEB18}
		{B30BC99A-57A9-4778-AD79-88D06B6BAC6E} = {6677C1D3-D984-4148-A94A-EE43E7926020}
	EndGlobalSection
	GlobalSection(ExtensibilityGlobals) = postSolution
		SolutionGuid = {6E72BC3D-75E0-4D61-B35C-E9F7E9F68236}
	EndGlobalSection
EndGlobal
