
Microsoft Visual Studio Solution File, Format Version 12.00
# Visual Studio 15
VisualStudioVersion = 15.0.27130.2027
MinimumVisualStudioVersion = 10.0.40219.1
Project("{FAE04EC0-301F-11D3-BF4B-00C04F79EFBC}") = "ParaphraserMath", "ParaphraserMath.csproj", "{B30BC99A-57A9-4778-AD79-88D06B6BAC6E}"
EndProject
Project("{FAE04EC0-301F-11D3-BF4B-00C04F79EFBC}") = "ParaphraserMathTests", "ParaphraserMathTests\ParaphraserMathTests.csproj", "{530B46D1-E1B6-49E5-AF91-A5AB1F8BA9C9}"
EndProject
Project("{2150E333-8FDC-42A3-9474-1A3956D46DE8}") = "ExternalDependencies", "ExternalDependencies", "{3EAF92A9-D7AC-4E53-B7CD-35670B3F4E78}"
EndProject
Project("{FAE04EC0-301F-11D3-BF4B-00C04F79EFBC}") = "MarkovMatrixInterfaces", "..\MarkovMatrix\MarkovMatrixInterfaces\MarkovMatrixInterfaces.csproj", "{78F39194-74D8-4848-B2D6-FC26FCCFF4AE}"
EndProject
Project("{FAE04EC0-301F-11D3-BF4B-00C04F79EFBC}") = "LanguageDetectionTestHelpers", "..\LanguageDetection\LanguageDetectionTestHelpers\LanguageDetectionTestHelpers.csproj", "{433D33AF-2A73-44D4-8D90-E27FD2BBBF2C}"
EndProject
Project("{FAE04EC0-301F-11D3-BF4B-00C04F79EFBC}") = "MarkovMatrix", "..\MarkovMatrix\MarkovMatrix.csproj", "{7E1254FE-2E13-4D68-B337-8460DAB633CD}"
EndProject
Project("{FAE04EC0-301F-11D3-BF4B-00C04F79EFBC}") = "MarkovMatrixTestHelper", "..\MarkovMatrix\MarkovMatrixTestHelper\MarkovMatrixTestHelper.csproj", "{957DD80E-1E39-4E8A-BFEF-C83AD40F5844}"
EndProject
Global
	GlobalSection(SolutionConfigurationPlatforms) = preSolution
		Debug|Any CPU = Debug|Any CPU
		Release|Any CPU = Release|Any CPU
	EndGlobalSection
	GlobalSection(ProjectConfigurationPlatforms) = postSolution
		{B30BC99A-57A9-4778-AD79-88D06B6BAC6E}.Debug|Any CPU.ActiveCfg = Debug|Any CPU
		{B30BC99A-57A9-4778-AD79-88D06B6BAC6E}.Debug|Any CPU.Build.0 = Debug|Any CPU
		{B30BC99A-57A9-4778-AD79-88D06B6BAC6E}.Release|Any CPU.ActiveCfg = Release|Any CPU
		{B30BC99A-57A9-4778-AD79-88D06B6BAC6E}.Release|Any CPU.Build.0 = Release|Any CPU
		{530B46D1-E1B6-49E5-AF91-A5AB1F8BA9C9}.Debug|Any CPU.ActiveCfg = Debug|Any CPU
		{530B46D1-E1B6-49E5-AF91-A5AB1F8BA9C9}.Debug|Any CPU.Build.0 = Debug|Any CPU
		{530B46D1-E1B6-49E5-AF91-A5AB1F8BA9C9}.Release|Any CPU.ActiveCfg = Release|Any CPU
		{530B46D1-E1B6-49E5-AF91-A5AB1F8BA9C9}.Release|Any CPU.Build.0 = Release|Any CPU
		{78F39194-74D8-4848-B2D6-FC26FCCFF4AE}.Debug|Any CPU.ActiveCfg = Debug|Any CPU
		{78F39194-74D8-4848-B2D6-FC26FCCFF4AE}.Debug|Any CPU.Build.0 = Debug|Any CPU
		{78F39194-74D8-4848-B2D6-FC26FCCFF4AE}.Release|Any CPU.ActiveCfg = Release|Any CPU
		{78F39194-74D8-4848-B2D6-FC26FCCFF4AE}.Release|Any CPU.Build.0 = Release|Any CPU
		{433D33AF-2A73-44D4-8D90-E27FD2BBBF2C}.Debug|Any CPU.ActiveCfg = Debug|Any CPU
		{433D33AF-2A73-44D4-8D90-E27FD2BBBF2C}.Debug|Any CPU.Build.0 = Debug|Any CPU
		{433D33AF-2A73-44D4-8D90-E27FD2BBBF2C}.Release|Any CPU.ActiveCfg = Release|Any CPU
		{433D33AF-2A73-44D4-8D90-E27FD2BBBF2C}.Release|Any CPU.Build.0 = Release|Any CPU
		{7E1254FE-2E13-4D68-B337-8460DAB633CD}.Debug|Any CPU.ActiveCfg = Debug|Any CPU
		{7E1254FE-2E13-4D68-B337-8460DAB633CD}.Debug|Any CPU.Build.0 = Debug|Any CPU
		{7E1254FE-2E13-4D68-B337-8460DAB633CD}.Release|Any CPU.ActiveCfg = Release|Any CPU
		{7E1254FE-2E13-4D68-B337-8460DAB633CD}.Release|Any CPU.Build.0 = Release|Any CPU
		{957DD80E-1E39-4E8A-BFEF-C83AD40F5844}.Debug|Any CPU.ActiveCfg = Debug|Any CPU
		{957DD80E-1E39-4E8A-BFEF-C83AD40F5844}.Debug|Any CPU.Build.0 = Debug|Any CPU
		{957DD80E-1E39-4E8A-BFEF-C83AD40F5844}.Release|Any CPU.ActiveCfg = Release|Any CPU
		{957DD80E-1E39-4E8A-BFEF-C83AD40F5844}.Release|Any CPU.Build.0 = Release|Any CPU
	EndGlobalSection
	GlobalSection(SolutionProperties) = preSolution
		HideSolutionNode = FALSE
	EndGlobalSection
	GlobalSection(NestedProjects) = preSolution
		{78F39194-74D8-4848-B2D6-FC26FCCFF4AE} = {3EAF92A9-D7AC-4E53-B7CD-35670B3F4E78}
		{433D33AF-2A73-44D4-8D90-E27FD2BBBF2C} = {3EAF92A9-D7AC-4E53-B7CD-35670B3F4E78}
		{7E1254FE-2E13-4D68-B337-8460DAB633CD} = {3EAF92A9-D7AC-4E53-B7CD-35670B3F4E78}
		{957DD80E-1E39-4E8A-BFEF-C83AD40F5844} = {3EAF92A9-D7AC-4E53-B7CD-35670B3F4E78}
	EndGlobalSection
	GlobalSection(ExtensibilityGlobals) = postSolution
		SolutionGuid = {5CB6DCAF-964B-42E8-9E45-E3FFC57DE966}
	EndGlobalSection
EndGlobal
